
Microsoft Visual Studio Solution File, Format Version 11.00
# Visual Studio 2010
Project("{FAE04EC0-301F-11D3-BF4B-00C04F79EFBC}") = "BinFailStat_csharp", "WindowsApplication8\BinFailStat_csharp.csproj", "{2BAE1F13-C360-4A67-B139-BE94B39201A3}"
EndProject
Global
	GlobalSection(SolutionConfigurationPlatforms) = preSolution
		Debug|Any CPU = Debug|Any CPU
		Release|Any CPU = Release|Any CPU
	EndGlobalSection
	GlobalSection(ProjectConfigurationPlatforms) = postSolution
		{2BAE1F13-C360-4A67-B139-BE94B39201A3}.Debug|Any CPU.ActiveCfg = Debug|Any CPU
		{2BAE1F13-C360-4A67-B139-BE94B39201A3}.Debug|Any CPU.Build.0 = Debug|Any CPU
		{2BAE1F13-C360-4A67-B139-BE94B39201A3}.Release|Any CPU.ActiveCfg = Release|Any CPU
		{2BAE1F13-C360-4A67-B139-BE94B39201A3}.Release|Any CPU.Build.0 = Release|Any CPU
	EndGlobalSection
	GlobalSection(SolutionProperties) = preSolution
		HideSolutionNode = FALSE
	EndGlobalSection
EndGlobal
